<Solution>
  <Folder Name="/Tests/">
    <Project Path="Tests/TerraAssistance.ProblemManagement.Domain.Tests/TerraAssistance.ProblemManagement.Domain.Tests.csproj" />
  </Folder>
  <Project Path="TerraAssistance.ProblemManagement.Application/TerraAssistance.ProblemManagement.Application.csproj" />
  <Project Path="TerraAssistance.ProblemManagement.Blazor/TerraAssistance.ProblemManagement.Blazor.csproj" />
  <Project Path="TerraAssistance.ProblemManagement.Domain/TerraAssistance.ProblemManagement.Domain.csproj" />
</Solution>